PODS:
  - DZ_UIKit (0.2.0)
  - FBSnapshotTestCase (2.1.0):
    - FBSnapshotTestCase/SwiftSupport (= 2.1.0)
  - FBSnapshotTestCase/Core (2.1.0)
  - FBSnapshotTestCase/SwiftSupport (2.1.0):
    - FBSnapshotTestCase/Core

DEPENDENCIES:
  - DZ_UIKit (from `../`)
  - FBSnapshotTestCase

EXTERNAL SOURCES:
  DZ_UIKit:
    :path: ../

SPEC CHECKSUMS:
  DZ_UIKit: 14d063a0d08645445b8eca0a5373c147fcece09c
  FBSnapshotTestCase: 366ecd378511d7716c79991cd8067d1eed23578d

COCOAPODS: 0.39.0
